
Microsoft Visual Studio Solution File, Format Version 12.00
# Visual Studio Version 17
VisualStudioVersion = 17.1.32210.238
MinimumVisualStudioVersion = 10.0.40219.1
Project("{9A19103F-16F7-4668-BE54-9A1E7A4F7556}") = "Lab1_SipleProgram", "Lab1\Lab1_SipleProgram.csproj", "{E3C80FAF-97E1-4A97-8286-34DAA782704A}"
EndProject
Project("{9A19103F-16F7-4668-BE54-9A1E7A4F7556}") = "Lab1_Exception handler", "Lab1_Exception handler\Lab1_Exception handler.csproj", "{C8E0E9A9-3954-443F-9DA3-32E586C7DE8C}"
EndProject
Project("{9A19103F-16F7-4668-BE54-9A1E7A4F7556}") = "Lab2_BankAccount", "Lab2_BankAccount\Lab2_BankAccount.csproj", "{60DA214A-B4DA-458D-9F70-6613AF892CFD}"
EndProject
Project("{9A19103F-16F7-4668-BE54-9A1E7A4F7556}") = "Lab2_StructType", "Lab2_StructType\Lab2_StructType.csproj", "{FF9D5362-79E7-4AAA-AD4F-B31FE7D8A34F}"
EndProject
Project("{9A19103F-16F7-4668-BE54-9A1E7A4F7556}") = "Lab3_WhatDay", "Lab3_WhatDay\Lab3_WhatDay.csproj", "{BCCD7B5A-AF98-4C8A-ADF7-58879E278ECE}"
EndProject
Project("{9A19103F-16F7-4668-BE54-9A1E7A4F7556}") = "Lab4_UseOfMethods", "Lab4_UseOfMethods\Lab4_UseOfMethods.csproj", "{6F544DD4-EB94-42BE-BE89-64461698EA6F}"
EndProject
Project("{9A19103F-16F7-4668-BE54-9A1E7A4F7556}") = "Lab5_UsingArraysFileDetails", "Lab5_UsingArraysFileDetails\Lab5_UsingArraysFileDetails.csproj", "{B743D100-729F-41B5-9CED-3C8EA4783F5F}"
EndProject
Project("{FAE04EC0-301F-11D3-BF4B-00C04F79EFBC}") = "Lab6_BankAccountCreatingAndUsingClasses", "Lab6_BankAccountCreatingAndUsingClasses\Lab6_BankAccountCreatingAndUsingClasses.csproj", "{1837FC9C-68DA-4C5B-8E35-80B8854CA7DD}"
EndProject
Global
	GlobalSection(SolutionConfigurationPlatforms) = preSolution
		Debug|Any CPU = Debug|Any CPU
		Release|Any CPU = Release|Any CPU
	EndGlobalSection
	GlobalSection(ProjectConfigurationPlatforms) = postSolution
		{E3C80FAF-97E1-4A97-8286-34DAA782704A}.Debug|Any CPU.ActiveCfg = Debug|Any CPU
		{E3C80FAF-97E1-4A97-8286-34DAA782704A}.Debug|Any CPU.Build.0 = Debug|Any CPU
		{E3C80FAF-97E1-4A97-8286-34DAA782704A}.Release|Any CPU.ActiveCfg = Release|Any CPU
		{E3C80FAF-97E1-4A97-8286-34DAA782704A}.Release|Any CPU.Build.0 = Release|Any CPU
		{C8E0E9A9-3954-443F-9DA3-32E586C7DE8C}.Debug|Any CPU.ActiveCfg = Debug|Any CPU
		{C8E0E9A9-3954-443F-9DA3-32E586C7DE8C}.Debug|Any CPU.Build.0 = Debug|Any CPU
		{C8E0E9A9-3954-443F-9DA3-32E586C7DE8C}.Release|Any CPU.ActiveCfg = Release|Any CPU
		{C8E0E9A9-3954-443F-9DA3-32E586C7DE8C}.Release|Any CPU.Build.0 = Release|Any CPU
		{60DA214A-B4DA-458D-9F70-6613AF892CFD}.Debug|Any CPU.ActiveCfg = Debug|Any CPU
		{60DA214A-B4DA-458D-9F70-6613AF892CFD}.Debug|Any CPU.Build.0 = Debug|Any CPU
		{60DA214A-B4DA-458D-9F70-6613AF892CFD}.Release|Any CPU.ActiveCfg = Release|Any CPU
		{60DA214A-B4DA-458D-9F70-6613AF892CFD}.Release|Any CPU.Build.0 = Release|Any CPU
		{FF9D5362-79E7-4AAA-AD4F-B31FE7D8A34F}.Debug|Any CPU.ActiveCfg = Debug|Any CPU
		{FF9D5362-79E7-4AAA-AD4F-B31FE7D8A34F}.Debug|Any CPU.Build.0 = Debug|Any CPU
		{FF9D5362-79E7-4AAA-AD4F-B31FE7D8A34F}.Release|Any CPU.ActiveCfg = Release|Any CPU
		{FF9D5362-79E7-4AAA-AD4F-B31FE7D8A34F}.Release|Any CPU.Build.0 = Release|Any CPU
		{BCCD7B5A-AF98-4C8A-ADF7-58879E278ECE}.Debug|Any CPU.ActiveCfg = Debug|Any CPU
		{BCCD7B5A-AF98-4C8A-ADF7-58879E278ECE}.Debug|Any CPU.Build.0 = Debug|Any CPU
		{BCCD7B5A-AF98-4C8A-ADF7-58879E278ECE}.Release|Any CPU.ActiveCfg = Release|Any CPU
		{BCCD7B5A-AF98-4C8A-ADF7-58879E278ECE}.Release|Any CPU.Build.0 = Release|Any CPU
		{6F544DD4-EB94-42BE-BE89-64461698EA6F}.Debug|Any CPU.ActiveCfg = Debug|Any CPU
		{6F544DD4-EB94-42BE-BE89-64461698EA6F}.Debug|Any CPU.Build.0 = Debug|Any CPU
		{6F544DD4-EB94-42BE-BE89-64461698EA6F}.Release|Any CPU.ActiveCfg = Release|Any CPU
		{6F544DD4-EB94-42BE-BE89-64461698EA6F}.Release|Any CPU.Build.0 = Release|Any CPU
		{B743D100-729F-41B5-9CED-3C8EA4783F5F}.Debug|Any CPU.ActiveCfg = Debug|Any CPU
		{B743D100-729F-41B5-9CED-3C8EA4783F5F}.Debug|Any CPU.Build.0 = Debug|Any CPU
		{B743D100-729F-41B5-9CED-3C8EA4783F5F}.Release|Any CPU.ActiveCfg = Release|Any CPU
		{B743D100-729F-41B5-9CED-3C8EA4783F5F}.Release|Any CPU.Build.0 = Release|Any CPU
		{1837FC9C-68DA-4C5B-8E35-80B8854CA7DD}.Debug|Any CPU.ActiveCfg = Debug|Any CPU
		{1837FC9C-68DA-4C5B-8E35-80B8854CA7DD}.Debug|Any CPU.Build.0 = Debug|Any CPU
		{1837FC9C-68DA-4C5B-8E35-80B8854CA7DD}.Release|Any CPU.ActiveCfg = Release|Any CPU
		{1837FC9C-68DA-4C5B-8E35-80B8854CA7DD}.Release|Any CPU.Build.0 = Release|Any CPU
	EndGlobalSection
	GlobalSection(SolutionProperties) = preSolution
		HideSolutionNode = FALSE
	EndGlobalSection
	GlobalSection(ExtensibilityGlobals) = postSolution
		SolutionGuid = {EE5FF469-0FB4-47A4-A2C1-88DD0B8A623B}
	EndGlobalSection
EndGlobal
